
Microsoft Visual Studio Solution File, Format Version 12.00
# Visual Studio Version 17
VisualStudioVersion = 17.8.34330.188
MinimumVisualStudioVersion = 10.0.40219.1
Project("{FAE04EC0-301F-11D3-BF4B-00C04F79EFBC}") = "DoAn_QuanLyKTX", "DoAn_QuanLyKTX\DoAn_QuanLyKTX.csproj", "{F791FF32-993E-4932-AE53-7F86C71C63E9}"
EndProject
Global
	GlobalSection(SolutionConfigurationPlatforms) = preSolution
		Debug|Any CPU = Debug|Any CPU
		Release|Any CPU = Release|Any CPU
	EndGlobalSection
	GlobalSection(ProjectConfigurationPlatforms) = postSolution
		{F791FF32-993E-4932-AE53-7F86C71C63E9}.Debug|Any CPU.ActiveCfg = Debug|Any CPU
		{F791FF32-993E-4932-AE53-7F86C71C63E9}.Debug|Any CPU.Build.0 = Debug|Any CPU
		{F791FF32-993E-4932-AE53-7F86C71C63E9}.Release|Any CPU.ActiveCfg = Release|Any CPU
		{F791FF32-993E-4932-AE53-7F86C71C63E9}.Release|Any CPU.Build.0 = Release|Any CPU
	EndGlobalSection
	GlobalSection(SolutionProperties) = preSolution
		HideSolutionNode = FALSE
	EndGlobalSection
	GlobalSection(ExtensibilityGlobals) = postSolution
		SolutionGuid = {2E9AD0BC-409B-40F6-BD0F-02A7534A52B4}
	EndGlobalSection
EndGlobal
